
Microsoft Visual Studio Solution File, Format Version 12.00
# Visual Studio 15
Project("{FAE04EC0-301F-11D3-BF4B-00C04F79EFBC}") = "Assembly-CSharp", "Assembly-CSharp.csproj", "{E0FBC93A-5C4E-D138-EB9C-EF542863691B}"
EndProject
Project("{9A19103F-16F7-4668-BE54-9A1E7A4F7556}") = "ClientLibrary", "..\..\ClientLibrary\ClientLibrary.csproj", "{B2B998E4-F6F4-4F69-BC00-FCFECA8859B1}"
EndProject
Project("{9A19103F-16F7-4668-BE54-9A1E7A4F7556}") = "Server", "..\..\Server\Server.csproj", "{6B9C2BFA-581E-4851-A6D7-E6052BFF20D2}"
EndProject
Project("{9A19103F-16F7-4668-BE54-9A1E7A4F7556}") = "UnitTests", "..\..\UnitTests\UnitTests.csproj", "{434C06F6-C15A-4C2A-9003-A5CAC307128D}"
EndProject
Project("{FAE04EC0-301F-11D3-BF4B-00C04F79EFBC}") = "ClientWinForms", "..\..\ClientWinForms\ClientWinForms.csproj", "{7E015364-139C-4A30-A6F2-EB3B6B98C3D3}"
EndProject
Global
	GlobalSection(SolutionConfigurationPlatforms) = preSolution
		Debug|Any CPU = Debug|Any CPU
		Release|Any CPU = Release|Any CPU
	EndGlobalSection
	GlobalSection(ProjectConfigurationPlatforms) = postSolution
		{E0FBC93A-5C4E-D138-EB9C-EF542863691B}.Debug|Any CPU.ActiveCfg = Debug|Any CPU
		{E0FBC93A-5C4E-D138-EB9C-EF542863691B}.Debug|Any CPU.Build.0 = Debug|Any CPU
		{E0FBC93A-5C4E-D138-EB9C-EF542863691B}.Release|Any CPU.ActiveCfg = Release|Any CPU
		{E0FBC93A-5C4E-D138-EB9C-EF542863691B}.Release|Any CPU.Build.0 = Release|Any CPU
		{B2B998E4-F6F4-4F69-BC00-FCFECA8859B1}.Debug|Any CPU.ActiveCfg = Debug|Any CPU
		{B2B998E4-F6F4-4F69-BC00-FCFECA8859B1}.Debug|Any CPU.Build.0 = Debug|Any CPU
		{B2B998E4-F6F4-4F69-BC00-FCFECA8859B1}.Release|Any CPU.ActiveCfg = Release|Any CPU
		{B2B998E4-F6F4-4F69-BC00-FCFECA8859B1}.Release|Any CPU.Build.0 = Release|Any CPU
		{6B9C2BFA-581E-4851-A6D7-E6052BFF20D2}.Debug|Any CPU.ActiveCfg = Debug|Any CPU
		{6B9C2BFA-581E-4851-A6D7-E6052BFF20D2}.Debug|Any CPU.Build.0 = Debug|Any CPU
		{6B9C2BFA-581E-4851-A6D7-E6052BFF20D2}.Release|Any CPU.ActiveCfg = Release|Any CPU
		{6B9C2BFA-581E-4851-A6D7-E6052BFF20D2}.Release|Any CPU.Build.0 = Release|Any CPU
		{434C06F6-C15A-4C2A-9003-A5CAC307128D}.Debug|Any CPU.ActiveCfg = Debug|Any CPU
		{434C06F6-C15A-4C2A-9003-A5CAC307128D}.Debug|Any CPU.Build.0 = Debug|Any CPU
		{434C06F6-C15A-4C2A-9003-A5CAC307128D}.Release|Any CPU.ActiveCfg = Release|Any CPU
		{434C06F6-C15A-4C2A-9003-A5CAC307128D}.Release|Any CPU.Build.0 = Release|Any CPU
		{7E015364-139C-4A30-A6F2-EB3B6B98C3D3}.Debug|Any CPU.ActiveCfg = Debug|Any CPU
		{7E015364-139C-4A30-A6F2-EB3B6B98C3D3}.Debug|Any CPU.Build.0 = Debug|Any CPU
		{7E015364-139C-4A30-A6F2-EB3B6B98C3D3}.Release|Any CPU.ActiveCfg = Release|Any CPU
		{7E015364-139C-4A30-A6F2-EB3B6B98C3D3}.Release|Any CPU.Build.0 = Release|Any CPU
	EndGlobalSection
	GlobalSection(SolutionProperties) = preSolution
		HideSolutionNode = FALSE
	EndGlobalSection
EndGlobal
